<?xml version="1.0" encoding="utf-8"?>
<Project ToolsVersion="4.0" xmlns="http://schemas.microsoft.com/developer/msbuild/2003">
  <ItemGroup>
    <Filter Include="Arquivos de Origem">
      <UniqueIdentifier>{4FC737F1-C7A5-4376-A066-2A32D752A2FF}</UniqueIdentifier>
      <Extensions>cpp;c;cc;cxx;c++;cppm;ixx;def;odl;idl;hpj;bat;asm;asmx</Extensions>
    </Filter>
    <Filter Include="Arquivos de Cabeçalho">
      <UniqueIdentifier>{93995380-89BD-4b04-88EB-625FBE52EBFB}</UniqueIdentifier>
      <Extensions>h;hh;hpp;hxx;h++;hm;inl;inc;ipp;xsd</Extensions>
    </Filter>
    <Filter Include="Arquivos de Recurso">
      <UniqueIdentifier>{67DA6AB6-F800-4c08-8B7A-83BB121AAD01}</UniqueIdentifier>
      <Extensions>rc;ico;cur;bmp;dlg;rc2;rct;bin;rgs;gif;jpg;jpeg;jpe;resx;tiff;tif;png;wav;mfcribbon-ms</Extensions>
    </Filter>
    <Filter Include="Arquivos de Recurso\fonts">
      <UniqueIdentifier>{274f87f7-2a35-4c97-a9ab-f921d1fd0630}</UniqueIdentifier>
    </Filter>
    <Filter Include="Arquivos de Recurso\graphics">
      <UniqueIdentifier>{97acc5d5-2d2c-4a61-9c41-da14791afe08}</UniqueIdentifier>
    </Filter>
    <Filter Include="Arquivos de Recurso\sound">
      <UniqueIdentifier>{d128156c-7e11-44c6-b4a4-00b174dd69b5}</UniqueIdentifier>
    </Filter>
  </ItemGroup>
  <ItemGroup>
    <ClCompile Include="sfml.cpp">
      <Filter>Arquivos de Origem</Filter>
    </ClCompile>
  </ItemGroup>
  <ItemGroup>
    <Font Include="fonts\KOMIKAP_.ttf">
      <Filter>Arquivos de Recurso\fonts</Filter>
    </Font>
  </ItemGroup>
  <ItemGroup>
    <Image Include="graphics\axe.png">
      <Filter>Arquivos de Recurso\graphics</Filter>
    </Image>
    <Image Include="graphics\background.png">
      <Filter>Arquivos de Recurso\graphics</Filter>
    </Image>
    <Image Include="graphics\bee.png">
      <Filter>Arquivos de Recurso\graphics</Filter>
    </Image>
    <Image Include="graphics\branch.png">
      <Filter>Arquivos de Recurso\graphics</Filter>
    </Image>
    <Image Include="graphics\cloud.png">
      <Filter>Arquivos de Recurso\graphics</Filter>
    </Image>
    <Image Include="graphics\log.png">
      <Filter>Arquivos de Recurso\graphics</Filter>
    </Image>
    <Image Include="graphics\player.png">
      <Filter>Arquivos de Recurso\graphics</Filter>
    </Image>
    <Image Include="graphics\rip.png">
      <Filter>Arquivos de Recurso\graphics</Filter>
    </Image>
    <Image Include="graphics\tree.png">
      <Filter>Arquivos de Recurso\graphics</Filter>
    </Image>
    <Image Include="graphics\tree2.png">
      <Filter>Arquivos de Recurso\graphics</Filter>
    </Image>
  </ItemGroup>
  <ItemGroup>
    <Media Include="sound\chop.wav">
      <Filter>Arquivos de Recurso\sound</Filter>
    </Media>
    <Media Include="sound\death.wav">
      <Filter>Arquivos de Recurso\sound</Filter>
    </Media>
    <Media Include="sound\out_of_time.wav">
      <Filter>Arquivos de Recurso\sound</Filter>
    </Media>
  </ItemGroup>
</Project>